
Microsoft Visual Studio Solution File, Format Version 12.00
# Visual Studio Version 17
VisualStudioVersion = 17.11.35219.272
MinimumVisualStudioVersion = 10.0.40219.1
Project("{FAE04EC0-301F-11D3-BF4B-00C04F79EFBC}") = "BarberShop.API", "BarberShop.API\BarberShop.API.csproj", "{BB6080E3-46CB-4A0F-AB38-40B878028323}"
EndProject
Global
	GlobalSection(SolutionConfigurationPlatforms) = preSolution
		Debug|Any CPU = Debug|Any CPU
		Release|Any CPU = Release|Any CPU
	EndGlobalSection
	GlobalSection(ProjectConfigurationPlatforms) = postSolution
		{BB6080E3-46CB-4A0F-AB38-40B878028323}.Debug|Any CPU.ActiveCfg = Debug|Any CPU
		{BB6080E3-46CB-4A0F-AB38-40B878028323}.Debug|Any CPU.Build.0 = Debug|Any CPU
		{BB6080E3-46CB-4A0F-AB38-40B878028323}.Release|Any CPU.ActiveCfg = Release|Any CPU
		{BB6080E3-46CB-4A0F-AB38-40B878028323}.Release|Any CPU.Build.0 = Release|Any CPU
	EndGlobalSection
	GlobalSection(SolutionProperties) = preSolution
		HideSolutionNode = FALSE
	EndGlobalSection
	GlobalSection(ExtensibilityGlobals) = postSolution
		SolutionGuid = {91B3BF6D-8E4F-420B-A485-895553DFF2A3}
	EndGlobalSection
EndGlobal
