
Microsoft Visual Studio Solution File, Format Version 12.00
# Visual Studio Version 17
VisualStudioVersion = 17.11.35219.272
MinimumVisualStudioVersion = 10.0.40219.1
Project("{9A19103F-16F7-4668-BE54-9A1E7A4F7556}") = "BarberShop.API", "BarberShop.API\BarberShop.API.csproj", "{BB6080E3-46CB-4A0F-AB38-40B878028323}"
	ProjectSection(ProjectDependencies) = postProject
		{02473259-BDD8-4EBC-B891-B95B759E7D7C} = {02473259-BDD8-4EBC-B891-B95B759E7D7C}
		{A59FE49F-D1CC-4575-9CB3-4E0269A66A84} = {A59FE49F-D1CC-4575-9CB3-4E0269A66A84}
		{C32BFEF6-86B3-40AE-A2AF-317A8E65B1FA} = {C32BFEF6-86B3-40AE-A2AF-317A8E65B1FA}
	EndProjectSection
EndProject
Project("{9A19103F-16F7-4668-BE54-9A1E7A4F7556}") = "BarberShop.Core", "BarberShop.Core\BarberShop.Core.csproj", "{02473259-BDD8-4EBC-B891-B95B759E7D7C}"
EndProject
Project("{9A19103F-16F7-4668-BE54-9A1E7A4F7556}") = "BarberShop.Repository", "BarberShop.Repository\BarberShop.Repository.csproj", "{C32BFEF6-86B3-40AE-A2AF-317A8E65B1FA}"
EndProject
Project("{FAE04EC0-301F-11D3-BF4B-00C04F79EFBC}") = "BarberShop.Tests", "BarberShop.Tests\BarberShop.Tests.csproj", "{A59FE49F-D1CC-4575-9CB3-4E0269A66A84}"
EndProject
Global
	GlobalSection(SolutionConfigurationPlatforms) = preSolution
		Debug|Any CPU = Debug|Any CPU
		Release|Any CPU = Release|Any CPU
	EndGlobalSection
	GlobalSection(ProjectConfigurationPlatforms) = postSolution
		{BB6080E3-46CB-4A0F-AB38-40B878028323}.Debug|Any CPU.ActiveCfg = Debug|Any CPU
		{BB6080E3-46CB-4A0F-AB38-40B878028323}.Debug|Any CPU.Build.0 = Debug|Any CPU
		{BB6080E3-46CB-4A0F-AB38-40B878028323}.Release|Any CPU.ActiveCfg = Release|Any CPU
		{BB6080E3-46CB-4A0F-AB38-40B878028323}.Release|Any CPU.Build.0 = Release|Any CPU
		{02473259-BDD8-4EBC-B891-B95B759E7D7C}.Debug|Any CPU.ActiveCfg = Debug|Any CPU
		{02473259-BDD8-4EBC-B891-B95B759E7D7C}.Debug|Any CPU.Build.0 = Debug|Any CPU
		{02473259-BDD8-4EBC-B891-B95B759E7D7C}.Release|Any CPU.ActiveCfg = Release|Any CPU
		{02473259-BDD8-4EBC-B891-B95B759E7D7C}.Release|Any CPU.Build.0 = Release|Any CPU
		{C32BFEF6-86B3-40AE-A2AF-317A8E65B1FA}.Debug|Any CPU.ActiveCfg = Debug|Any CPU
		{C32BFEF6-86B3-40AE-A2AF-317A8E65B1FA}.Debug|Any CPU.Build.0 = Debug|Any CPU
		{C32BFEF6-86B3-40AE-A2AF-317A8E65B1FA}.Release|Any CPU.ActiveCfg = Release|Any CPU
		{C32BFEF6-86B3-40AE-A2AF-317A8E65B1FA}.Release|Any CPU.Build.0 = Release|Any CPU
		{A59FE49F-D1CC-4575-9CB3-4E0269A66A84}.Debug|Any CPU.ActiveCfg = Debug|Any CPU
		{A59FE49F-D1CC-4575-9CB3-4E0269A66A84}.Debug|Any CPU.Build.0 = Debug|Any CPU
		{A59FE49F-D1CC-4575-9CB3-4E0269A66A84}.Release|Any CPU.ActiveCfg = Release|Any CPU
		{A59FE49F-D1CC-4575-9CB3-4E0269A66A84}.Release|Any CPU.Build.0 = Release|Any CPU
	EndGlobalSection
	GlobalSection(SolutionProperties) = preSolution
		HideSolutionNode = FALSE
	EndGlobalSection
	GlobalSection(ExtensibilityGlobals) = postSolution
		SolutionGuid = {91B3BF6D-8E4F-420B-A485-895553DFF2A3}
	EndGlobalSection
EndGlobal
